// !$*UTF8*$!
{
	archiveVersion = 1;
	classes = {
	};
	objectVersion = 46;
	objects = {

/* Begin PBXBuildFile section */
		B64BDC9B1D0B9DD200767B02 /* Common.swift in Sources */ = {isa = PBXBuildFile; fileRef = B64BDC9A1D0B9DD200767B02 /* Common.swift */; };
		B67347D51D09030400E3216B /* BaseTransition.swift in Sources */ = {isa = PBXBuildFile; fileRef = B67347D31D09030400E3216B /* BaseTransition.swift */; };
		B67347D61D09030400E3216B /* FadeTransition.swift in Sources */ = {isa = PBXBuildFile; fileRef = B67347D41D09030400E3216B /* FadeTransition.swift */; };
		B6B459E51D0A4E3800BB36E3 /* LoginViewController.swift in Sources */ = {isa = PBXBuildFile; fileRef = B6B459E41D0A4E3800BB36E3 /* LoginViewController.swift */; };
		B6B459E71D0A556500BB36E3 /* readme.md in Sources */ = {isa = PBXBuildFile; fileRef = B6B459E61D0A556500BB36E3 /* readme.md */; };
		B6BFED5C1D07A9C200900E5E /* AppDelegate.swift in Sources */ = {isa = PBXBuildFile; fileRef = B6BFED5B1D07A9C200900E5E /* AppDelegate.swift */; };
		B6BFED5E1D07A9C200900E5E /* ViewController.swift in Sources */ = {isa = PBXBuildFile; fileRef = B6BFED5D1D07A9C200900E5E /* ViewController.swift */; };
		B6BFED611D07A9C200900E5E /* Main.storyboard in Resources */ = {isa = PBXBuildFile; fileRef = B6BFED5F1D07A9C200900E5E /* Main.storyboard */; };
		B6BFED631D07A9C200900E5E /* Assets.xcassets in Resources */ = {isa = PBXBuildFile; fileRef = B6BFED621D07A9C200900E5E /* Assets.xcassets */; };
		B6BFED661D07A9C200900E5E /* LaunchScreen.storyboard in Resources */ = {isa = PBXBuildFile; fileRef = B6BFED641D07A9C200900E5E /* LaunchScreen.storyboard */; };
		B6BFED711D07A9C200900E5E /* TumblrTests.swift in Sources */ = {isa = PBXBuildFile; fileRef = B6BFED701D07A9C200900E5E /* TumblrTests.swift */; };
		B6BFED7C1D07A9C200900E5E /* TumblrUITests.swift in Sources */ = {isa = PBXBuildFile; fileRef = B6BFED7B1D07A9C200900E5E /* TumblrUITests.swift */; };
		B6BFED8A1D07ACD000900E5E /* TabBarViewController.swift in Sources */ = {isa = PBXBuildFile; fileRef = B6BFED891D07ACD000900E5E /* TabBarViewController.swift */; };
		B6BFED8C1D07AD2A00900E5E /* HomeViewController.swift in Sources */ = {isa = PBXBuildFile; fileRef = B6BFED8B1D07AD2A00900E5E /* HomeViewController.swift */; };
		B6BFED8E1D07ADC900900E5E /* SearchViewController.swift in Sources */ = {isa = PBXBuildFile; fileRef = B6BFED8D1D07ADC900900E5E /* SearchViewController.swift */; };
		B6BFED901D07AE3000900E5E /* ComposeViewController.swift in Sources */ = {isa = PBXBuildFile; fileRef = B6BFED8F1D07AE3000900E5E /* ComposeViewController.swift */; };
		B6BFED921D07AF3000900E5E /* TrendingViewController.swift in Sources */ = {isa = PBXBuildFile; fileRef = B6BFED911D07AF3000900E5E /* TrendingViewController.swift */; };
		B6BFED941D07AF5100900E5E /* AccountViewController.swift in Sources */ = {isa = PBXBuildFile; fileRef = B6BFED931D07AF5100900E5E /* AccountViewController.swift */; };
/* End PBXBuildFile section */

/* Begin PBXContainerItemProxy section */
		B6BFED6D1D07A9C200900E5E /* PBXContainerItemProxy */ = {
			isa = PBXContainerItemProxy;
			containerPortal = B6BFED501D07A9C200900E5E /* Project object */;
			proxyType = 1;
			remoteGlobalIDString = B6BFED571D07A9C200900E5E;
			remoteInfo = Tumblr;
		};
		B6BFED781D07A9C200900E5E /* PBXContainerItemProxy */ = {
			isa = PBXContainerItemProxy;
			containerPortal = B6BFED501D07A9C200900E5E /* Project object */;
			proxyType = 1;
			remoteGlobalIDString = B6BFED571D07A9C200900E5E;
			remoteInfo = Tumblr;
		};
/* End PBXContainerItemProxy section */

/* Begin PBXFileReference section */
		B64BDC9A1D0B9DD200767B02 /* Common.swift */ = {isa = PBXFileReference; fileEncoding = 4; lastKnownFileType = sourcecode.swift; path = Common.swift; sourceTree = "<group>"; };
		B67347D31D09030400E3216B /* BaseTransition.swift */ = {isa = PBXFileReference; fileEncoding = 4; lastKnownFileType = sourcecode.swift; path = BaseTransition.swift; sourceTree = "<group>"; };
		B67347D41D09030400E3216B /* FadeTransition.swift */ = {isa = PBXFileReference; fileEncoding = 4; lastKnownFileType = sourcecode.swift; path = FadeTransition.swift; sourceTree = "<group>"; };
		B6B459E41D0A4E3800BB36E3 /* LoginViewController.swift */ = {isa = PBXFileReference; fileEncoding = 4; lastKnownFileType = sourcecode.swift; path = LoginViewController.swift; sourceTree = "<group>"; };
		B6B459E61D0A556500BB36E3 /* readme.md */ = {isa = PBXFileReference; fileEncoding = 4; lastKnownFileType = net.daringfireball.markdown; path = readme.md; sourceTree = "<group>"; };
		B6BFED581D07A9C200900E5E /* Tumblr.app */ = {isa = PBXFileReference; explicitFileType = wrapper.application; includeInIndex = 0; path = Tumblr.app; sourceTree = BUILT_PRODUCTS_DIR; };
		B6BFED5B1D07A9C200900E5E /* AppDelegate.swift */ = {isa = PBXFileReference; lastKnownFileType = sourcecode.swift; path = AppDelegate.swift; sourceTree = "<group>"; };
		B6BFED5D1D07A9C200900E5E /* ViewController.swift */ = {isa = PBXFileReference; lastKnownFileType = sourcecode.swift; path = ViewController.swift; sourceTree = "<group>"; };
		B6BFED601D07A9C200900E5E /* Base */ = {isa = PBXFileReference; lastKnownFileType = file.storyboard; name = Base; path = Base.lproj/Main.storyboard; sourceTree = "<group>"; };
		B6BFED621D07A9C200900E5E /* Assets.xcassets */ = {isa = PBXFileReference; lastKnownFileType = folder.assetcatalog; path = Assets.xcassets; sourceTree = "<group>"; };
		B6BFED651D07A9C200900E5E /* Base */ = {isa = PBXFileReference; lastKnownFileType = file.storyboard; name = Base; path = Base.lproj/LaunchScreen.storyboard; sourceTree = "<group>"; };
		B6BFED671D07A9C200900E5E /* Info.plist */ = {isa = PBXFileReference; lastKnownFileType = text.plist.xml; path = Info.plist; sourceTree = "<group>"; };
		B6BFED6C1D07A9C200900E5E /* TumblrTests.xctest */ = {isa = PBXFileReference; explicitFileType = wrapper.cfbundle; includeInIndex = 0; path = TumblrTests.xctest; sourceTree = BUILT_PRODUCTS_DIR; };
		B6BFED701D07A9C200900E5E /* TumblrTests.swift */ = {isa = PBXFileReference; lastKnownFileType = sourcecode.swift; path = TumblrTests.swift; sourceTree = "<group>"; };
		B6BFED721D07A9C200900E5E /* Info.plist */ = {isa = PBXFileReference; lastKnownFileType = text.plist.xml; path = Info.plist; sourceTree = "<group>"; };
		B6BFED771D07A9C200900E5E /* TumblrUITests.xctest */ = {isa = PBXFileReference; explicitFileType = wrapper.cfbundle; includeInIndex = 0; path = TumblrUITests.xctest; sourceTree = BUILT_PRODUCTS_DIR; };
		B6BFED7B1D07A9C200900E5E /* TumblrUITests.swift */ = {isa = PBXFileReference; lastKnownFileType = sourcecode.swift; path = TumblrUITests.swift; sourceTree = "<group>"; };
		B6BFED7D1D07A9C200900E5E /* Info.plist */ = {isa = PBXFileReference; lastKnownFileType = text.plist.xml; path = Info.plist; sourceTree = "<group>"; };
		B6BFED891D07ACD000900E5E /* TabBarViewController.swift */ = {isa = PBXFileReference; fileEncoding = 4; lastKnownFileType = sourcecode.swift; path = TabBarViewController.swift; sourceTree = "<group>"; };
		B6BFED8B1D07AD2A00900E5E /* HomeViewController.swift */ = {isa = PBXFileReference; fileEncoding = 4; lastKnownFileType = sourcecode.swift; path = HomeViewController.swift; sourceTree = "<group>"; };
		B6BFED8D1D07ADC900900E5E /* SearchViewController.swift */ = {isa = PBXFileReference; fileEncoding = 4; lastKnownFileType = sourcecode.swift; path = SearchViewController.swift; sourceTree = "<group>"; };
		B6BFED8F1D07AE3000900E5E /* ComposeViewController.swift */ = {isa = PBXFileReference; fileEncoding = 4; lastKnownFileType = sourcecode.swift; path = ComposeViewController.swift; sourceTree = "<group>"; };
		B6BFED911D07AF3000900E5E /* TrendingViewController.swift */ = {isa = PBXFileReference; fileEncoding = 4; lastKnownFileType = sourcecode.swift; path = TrendingViewController.swift; sourceTree = "<group>"; };
		B6BFED931D07AF5100900E5E /* AccountViewController.swift */ = {isa = PBXFileReference; fileEncoding = 4; lastKnownFileType = sourcecode.swift; path = AccountViewController.swift; sourceTree = "<group>"; };
/* End PBXFileReference section */

/* Begin PBXFrameworksBuildPhase section */
		B6BFED551D07A9C200900E5E /* Frameworks */ = {
			isa = PBXFrameworksBuildPhase;
			buildActionMask = 2147483647;
			files = (
			);
			runOnlyForDeploymentPostprocessing = 0;
		};
		B6BFED691D07A9C200900E5E /* Frameworks */ = {
			isa = PBXFrameworksBuildPhase;
			buildActionMask = 2147483647;
			files = (
			);
			runOnlyForDeploymentPostprocessing = 0;
		};
		B6BFED741D07A9C200900E5E /* Frameworks */ = {
			isa = PBXFrameworksBuildPhase;
			buildActionMask = 2147483647;
			files = (
			);
			runOnlyForDeploymentPostprocessing = 0;
		};
/* End PBXFrameworksBuildPhase section */

/* Begin PBXGroup section */
		B6BFED4F1D07A9C200900E5E = {
			isa = PBXGroup;
			children = (
				B6B459E61D0A556500BB36E3 /* readme.md */,
				B6BFED5A1D07A9C200900E5E /* Tumblr */,
				B6BFED6F1D07A9C200900E5E /* TumblrTests */,
				B6BFED7A1D07A9C200900E5E /* TumblrUITests */,
				B6BFED591D07A9C200900E5E /* Products */,
			);
			sourceTree = "<group>";
		};
		B6BFED591D07A9C200900E5E /* Products */ = {
			isa = PBXGroup;
			children = (
				B6BFED581D07A9C200900E5E /* Tumblr.app */,
				B6BFED6C1D07A9C200900E5E /* TumblrTests.xctest */,
				B6BFED771D07A9C200900E5E /* TumblrUITests.xctest */,
			);
			name = Products;
			sourceTree = "<group>";
		};
		B6BFED5A1D07A9C200900E5E /* Tumblr */ = {
			isa = PBXGroup;
			children = (
				B6BFED5B1D07A9C200900E5E /* AppDelegate.swift */,
				B6BFED5D1D07A9C200900E5E /* ViewController.swift */,
				B6BFED5F1D07A9C200900E5E /* Main.storyboard */,
				B6B459E41D0A4E3800BB36E3 /* LoginViewController.swift */,
				B6BFED931D07AF5100900E5E /* AccountViewController.swift */,
				B6BFED911D07AF3000900E5E /* TrendingViewController.swift */,
				B6BFED8F1D07AE3000900E5E /* ComposeViewController.swift */,
				B6BFED8D1D07ADC900900E5E /* SearchViewController.swift */,
				B6BFED8B1D07AD2A00900E5E /* HomeViewController.swift */,
				B6BFED891D07ACD000900E5E /* TabBarViewController.swift */,
				B67347D31D09030400E3216B /* BaseTransition.swift */,
				B67347D41D09030400E3216B /* FadeTransition.swift */,
				B6BFED621D07A9C200900E5E /* Assets.xcassets */,
				B6BFED641D07A9C200900E5E /* LaunchScreen.storyboard */,
				B6BFED671D07A9C200900E5E /* Info.plist */,
				B64BDC9A1D0B9DD200767B02 /* Common.swift */,
			);
			path = Tumblr;
			sourceTree = "<group>";
		};
		B6BFED6F1D07A9C200900E5E /* TumblrTests */ = {
			isa = PBXGroup;
			children = (
				B6BFED701D07A9C200900E5E /* TumblrTests.swift */,
				B6BFED721D07A9C200900E5E /* Info.plist */,
			);
			path = TumblrTests;
			sourceTree = "<group>";
		};
		B6BFED7A1D07A9C200900E5E /* TumblrUITests */ = {
			isa = PBXGroup;
			children = (
				B6BFED7B1D07A9C200900E5E /* TumblrUITests.swift */,
				B6BFED7D1D07A9C200900E5E /* Info.plist */,
			);
			path = TumblrUITests;
			sourceTree = "<group>";
		};
/* End PBXGroup section */

/* Begin PBXNativeTarget section */
		B6BFED571D07A9C200900E5E /* Tumblr */ = {
			isa = PBXNativeTarget;
			buildConfigurationList = B6BFED801D07A9C200900E5E /* Build configuration list for PBXNativeTarget "Tumblr" */;
			buildPhases = (
				B6BFED541D07A9C200900E5E /* Sources */,
				B6BFED551D07A9C200900E5E /* Frameworks */,
				B6BFED561D07A9C200900E5E /* Resources */,
			);
			buildRules = (
			);
			dependencies = (
			);
			name = Tumblr;
			productName = Tumblr;
			productReference = B6BFED581D07A9C200900E5E /* Tumblr.app */;
			productType = "com.apple.product-type.application";
		};
		B6BFED6B1D07A9C200900E5E /* TumblrTests */ = {
			isa = PBXNativeTarget;
			buildConfigurationList = B6BFED831D07A9C200900E5E /* Build configuration list for PBXNativeTarget "TumblrTests" */;
			buildPhases = (
				B6BFED681D07A9C200900E5E /* Sources */,
				B6BFED691D07A9C200900E5E /* Frameworks */,
				B6BFED6A1D07A9C200900E5E /* Resources */,
			);
			buildRules = (
			);
			dependencies = (
				B6BFED6E1D07A9C200900E5E /* PBXTargetDependency */,
			);
			name = TumblrTests;
			productName = TumblrTests;
			productReference = B6BFED6C1D07A9C200900E5E /* TumblrTests.xctest */;
			productType = "com.apple.product-type.bundle.unit-test";
		};
		B6BFED761D07A9C200900E5E /* TumblrUITests */ = {
			isa = PBXNativeTarget;
			buildConfigurationList = B6BFED861D07A9C200900E5E /* Build configuration list for PBXNativeTarget "TumblrUITests" */;
			buildPhases = (
				B6BFED731D07A9C200900E5E /* Sources */,
				B6BFED741D07A9C200900E5E /* Frameworks */,
				B6BFED751D07A9C200900E5E /* Resources */,
			);
			buildRules = (
			);
			dependencies = (
				B6BFED791D07A9C200900E5E /* PBXTargetDependency */,
			);
			name = TumblrUITests;
			productName = TumblrUITests;
			productReference = B6BFED771D07A9C200900E5E /* TumblrUITests.xctest */;
			productType = "com.apple.product-type.bundle.ui-testing";
		};
/* End PBXNativeTarget section */

/* Begin PBXProject section */
		B6BFED501D07A9C200900E5E /* Project object */ = {
			isa = PBXProject;
			attributes = {
				LastSwiftUpdateCheck = 0730;
				LastUpgradeCheck = 0730;
				ORGANIZATIONNAME = "Sampo Karjalainen";
				TargetAttributes = {
					B6BFED571D07A9C200900E5E = {
						CreatedOnToolsVersion = 7.3;
					};
					B6BFED6B1D07A9C200900E5E = {
						CreatedOnToolsVersion = 7.3;
						TestTargetID = B6BFED571D07A9C200900E5E;
					};
					B6BFED761D07A9C200900E5E = {
						CreatedOnToolsVersion = 7.3;
						TestTargetID = B6BFED571D07A9C200900E5E;
					};
				};
			};
			buildConfigurationList = B6BFED531D07A9C200900E5E /* Build configuration list for PBXProject "Tumblr" */;
			compatibilityVersion = "Xcode 3.2";
			developmentRegion = English;
			hasScannedForEncodings = 0;
			knownRegions = (
				en,
				Base,
			);
			mainGroup = B6BFED4F1D07A9C200900E5E;
			productRefGroup = B6BFED591D07A9C200900E5E /* Products */;
			projectDirPath = "";
			projectRoot = "";
			targets = (
				B6BFED571D07A9C200900E5E /* Tumblr */,
				B6BFED6B1D07A9C200900E5E /* TumblrTests */,
				B6BFED761D07A9C200900E5E /* TumblrUITests */,
			);
		};
/* End PBXProject section */

/* Begin PBXResourcesBuildPhase section */
		B6BFED561D07A9C200900E5E /* Resources */ = {
			isa = PBXResourcesBuildPhase;
			buildActionMask = 2147483647;
			files = (
				B6BFED661D07A9C200900E5E /* LaunchScreen.storyboard in Resources */,
				B6BFED631D07A9C200900E5E /* Assets.xcassets in Resources */,
				B6BFED611D07A9C200900E5E /* Main.storyboard in Resources */,
			);
			runOnlyForDeploymentPostprocessing = 0;
		};
		B6BFED6A1D07A9C200900E5E /* Resources */ = {
			isa = PBXResourcesBuildPhase;
			buildActionMask = 2147483647;
			files = (
			);
			runOnlyForDeploymentPostprocessing = 0;
		};
		B6BFED751D07A9C200900E5E /* Resources */ = {
			isa = PBXResourcesBuildPhase;
			buildActionMask = 2147483647;
			files = (
			);
			runOnlyForDeploymentPostprocessing = 0;
		};
/* End PBXResourcesBuildPhase section */

/* Begin PBXSourcesBuildPhase section */
		B6BFED541D07A9C200900E5E /* Sources */ = {
			isa = PBXSourcesBuildPhase;
			buildActionMask = 2147483647;
			files = (
				B6BFED921D07AF3000900E5E /* TrendingViewController.swift in Sources */,
				B6BFED8E1D07ADC900900E5E /* SearchViewController.swift in Sources */,
				B64BDC9B1D0B9DD200767B02 /* Common.swift in Sources */,
				B6BFED941D07AF5100900E5E /* AccountViewController.swift in Sources */,
				B6BFED5E1D07A9C200900E5E /* ViewController.swift in Sources */,
				B67347D51D09030400E3216B /* BaseTransition.swift in Sources */,
				B6BFED8A1D07ACD000900E5E /* TabBarViewController.swift in Sources */,
				B67347D61D09030400E3216B /* FadeTransition.swift in Sources */,
				B6BFED901D07AE3000900E5E /* ComposeViewController.swift in Sources */,
				B6BFED5C1D07A9C200900E5E /* AppDelegate.swift in Sources */,
				B6BFED8C1D07AD2A00900E5E /* HomeViewController.swift in Sources */,
				B6B459E71D0A556500BB36E3 /* readme.md in Sources */,
				B6B459E51D0A4E3800BB36E3 /* LoginViewController.swift in Sources */,
			);
			runOnlyForDeploymentPostprocessing = 0;
		};
		B6BFED681D07A9C200900E5E /* Sources */ = {
			isa = PBXSourcesBuildPhase;
			buildActionMask = 2147483647;
			files = (
				B6BFED711D07A9C200900E5E /* TumblrTests.swift in Sources */,
			);
			runOnlyForDeploymentPostprocessing = 0;
		};
		B6BFED731D07A9C200900E5E /* Sources */ = {
			isa = PBXSourcesBuildPhase;
			buildActionMask = 2147483647;
			files = (
				B6BFED7C1D07A9C200900E5E /* TumblrUITests.swift in Sources */,
			);
			runOnlyForDeploymentPostprocessing = 0;
		};
/* End PBXSourcesBuildPhase section */

/* Begin PBXTargetDependency section */
		B6BFED6E1D07A9C200900E5E /* PBXTargetDependency */ = {
			isa = PBXTargetDependency;
			target = B6BFED571D07A9C200900E5E /* Tumblr */;
			targetProxy = B6BFED6D1D07A9C200900E5E /* PBXContainerItemProxy */;
		};
		B6BFED791D07A9C200900E5E /* PBXTargetDependency */ = {
			isa = PBXTargetDependency;
			target = B6BFED571D07A9C200900E5E /* Tumblr */;
			targetProxy = B6BFED781D07A9C200900E5E /* PBXContainerItemProxy */;
		};
/* End PBXTargetDependency section */

/* Begin PBXVariantGroup section */
		B6BFED5F1D07A9C200900E5E /* Main.storyboard */ = {
			isa = PBXVariantGroup;
			children = (
				B6BFED601D07A9C200900E5E /* Base */,
			);
			name = Main.storyboard;
			sourceTree = "<group>";
		};
		B6BFED641D07A9C200900E5E /* LaunchScreen.storyboard */ = {
			isa = PBXVariantGroup;
			children = (
				B6BFED651D07A9C200900E5E /* Base */,
			);
			name = LaunchScreen.storyboard;
			sourceTree = "<group>";
		};
/* End PBXVariantGroup section */

/* Begin XCBuildConfiguration section */
		B6BFED7E1D07A9C200900E5E /* Debug */ = {
			isa = XCBuildConfiguration;
			buildSettings = {
				ALWAYS_SEARCH_USER_PATHS = NO;
				CLANG_ANALYZER_NONNULL = YES;
				CLANG_CXX_LANGUAGE_STANDARD = "gnu++0x";
				CLANG_CXX_LIBRARY = "libc++";
				CLANG_ENABLE_MODULES = YES;
				CLANG_ENABLE_OBJC_ARC = YES;
				CLANG_WARN_BOOL_CONVERSION = YES;
				CLANG_WARN_CONSTANT_CONVERSION = YES;
				CLANG_WARN_DIRECT_OBJC_ISA_USAGE = YES_ERROR;
				CLANG_WARN_EMPTY_BODY = YES;
				CLANG_WARN_ENUM_CONVERSION = YES;
				CLANG_WARN_INT_CONVERSION = YES;
				CLANG_WARN_OBJC_ROOT_CLASS = YES_ERROR;
				CLANG_WARN_UNREACHABLE_CODE = YES;
				CLANG_WARN__DUPLICATE_METHOD_MATCH = YES;
				"CODE_SIGN_IDENTITY[sdk=iphoneos*]" = "iPhone Developer";
				COPY_PHASE_STRIP = NO;
				DEBUG_INFORMATION_FORMAT = dwarf;
				ENABLE_STRICT_OBJC_MSGSEND = YES;
				ENABLE_TESTABILITY = YES;
				GCC_C_LANGUAGE_STANDARD = gnu99;
				GCC_DYNAMIC_NO_PIC = NO;
				GCC_NO_COMMON_BLOCKS = YES;
				GCC_OPTIMIZATION_LEVEL = 0;
				GCC_PREPROCESSOR_DEFINITIONS = (
					"DEBUG=1",
					"$(inherited)",
				);
				GCC_WARN_64_TO_32_BIT_CONVERSION = YES;
				GCC_WARN_ABOUT_RETURN_TYPE = YES_ERROR;
				GCC_WARN_UNDECLARED_SELECTOR = YES;
				GCC_WARN_UNINITIALIZED_AUTOS = YES_AGGRESSIVE;
				GCC_WARN_UNUSED_FUNCTION = YES;
				GCC_WARN_UNUSED_VARIABLE = YES;
				IPHONEOS_DEPLOYMENT_TARGET = 9.3;
				MTL_ENABLE_DEBUG_INFO = YES;
				ONLY_ACTIVE_ARCH = YES;
				SDKROOT = iphoneos;
				SWIFT_OPTIMIZATION_LEVEL = "-Onone";
			};
			name = Debug;
		};
		B6BFED7F1D07A9C200900E5E /* Release */ = {
			isa = XCBuildConfiguration;
			buildSettings = {
				ALWAYS_SEARCH_USER_PATHS = NO;
				CLANG_ANALYZER_NONNULL = YES;
				CLANG_CXX_LANGUAGE_STANDARD = "gnu++0x";
				CLANG_CXX_LIBRARY = "libc++";
				CLANG_ENABLE_MODULES = YES;
				CLANG_ENABLE_OBJC_ARC = YES;
				CLANG_WARN_BOOL_CONVERSION = YES;
				CLANG_WARN_CONSTANT_CONVERSION = YES;
				CLANG_WARN_DIRECT_OBJC_ISA_USAGE = YES_ERROR;
				CLANG_WARN_EMPTY_BODY = YES;
				CLANG_WARN_ENUM_CONVERSION = YES;
				CLANG_WARN_INT_CONVERSION = YES;
				CLANG_WARN_OBJC_ROOT_CLASS = YES_ERROR;
				CLANG_WARN_UNREACHABLE_CODE = YES;
				CLANG_WARN__DUPLICATE_METHOD_MATCH = YES;
				"CODE_SIGN_IDENTITY[sdk=iphoneos*]" = "iPhone Developer";
				COPY_PHASE_STRIP = NO;
				DEBUG_INFORMATION_FORMAT = "dwarf-with-dsym";
				ENABLE_NS_ASSERTIONS = NO;
				ENABLE_STRICT_OBJC_MSGSEND = YES;
				GCC_C_LANGUAGE_STANDARD = gnu99;
				GCC_NO_COMMON_BLOCKS = YES;
				GCC_WARN_64_TO_32_BIT_CONVERSION = YES;
				GCC_WARN_ABOUT_RETURN_TYPE = YES_ERROR;
				GCC_WARN_UNDECLARED_SELECTOR = YES;
				GCC_WARN_UNINITIALIZED_AUTOS = YES_AGGRESSIVE;
				GCC_WARN_UNUSED_FUNCTION = YES;
				GCC_WARN_UNUSED_VARIABLE = YES;
				IPHONEOS_DEPLOYMENT_TARGET = 9.3;
				MTL_ENABLE_DEBUG_INFO = NO;
				SDKROOT = iphoneos;
				VALIDATE_PRODUCT = YES;
			};
			name = Release;
		};
		B6BFED811D07A9C200900E5E /* Debug */ = {
			isa = XCBuildConfiguration;
			buildSettings = {
				ASSETCATALOG_COMPILER_APPICON_NAME = AppIcon;
				INFOPLIST_FILE = Tumblr/Info.plist;
				LD_RUNPATH_SEARCH_PATHS = "$(inherited) @executable_path/Frameworks";
				PRODUCT_BUNDLE_IDENTIFIER = com.example.Tumblr;
				PRODUCT_NAME = "$(TARGET_NAME)";
			};
			name = Debug;
		};
		B6BFED821D07A9C200900E5E /* Release */ = {
			isa = XCBuildConfiguration;
			buildSettings = {
				ASSETCATALOG_COMPILER_APPICON_NAME = AppIcon;
				INFOPLIST_FILE = Tumblr/Info.plist;
				LD_RUNPATH_SEARCH_PATHS = "$(inherited) @executable_path/Frameworks";
				PRODUCT_BUNDLE_IDENTIFIER = com.example.Tumblr;
				PRODUCT_NAME = "$(TARGET_NAME)";
			};
			name = Release;
		};
		B6BFED841D07A9C200900E5E /* Debug */ = {
			isa = XCBuildConfiguration;
			buildSettings = {
				BUNDLE_LOADER = "$(TEST_HOST)";
				INFOPLIST_FILE = TumblrTests/Info.plist;
				LD_RUNPATH_SEARCH_PATHS = "$(inherited) @executable_path/Frameworks @loader_path/Frameworks";
				PRODUCT_BUNDLE_IDENTIFIER = com.example.TumblrTests;
				PRODUCT_NAME = "$(TARGET_NAME)";
				TEST_HOST = "$(BUILT_PRODUCTS_DIR)/Tumblr.app/Tumblr";
			};
			name = Debug;
		};
		B6BFED851D07A9C200900E5E /* Release */ = {
			isa = XCBuildConfiguration;
			buildSettings = {
				BUNDLE_LOADER = "$(TEST_HOST)";
				INFOPLIST_FILE = TumblrTests/Info.plist;
				LD_RUNPATH_SEARCH_PATHS = "$(inherited) @executable_path/Frameworks @loader_path/Frameworks";
				PRODUCT_BUNDLE_IDENTIFIER = com.example.TumblrTests;
				PRODUCT_NAME = "$(TARGET_NAME)";
				TEST_HOST = "$(BUILT_PRODUCTS_DIR)/Tumblr.app/Tumblr";
			};
			name = Release;
		};
		B6BFED871D07A9C200900E5E /* Debug */ = {
			isa = XCBuildConfiguration;
			buildSettings = {
				INFOPLIST_FILE = TumblrUITests/Info.plist;
				LD_RUNPATH_SEARCH_PATHS = "$(inherited) @executable_path/Frameworks @loader_path/Frameworks";
				PRODUCT_BUNDLE_IDENTIFIER = com.example.TumblrUITests;
				PRODUCT_NAME = "$(TARGET_NAME)";
				TEST_TARGET_NAME = Tumblr;
			};
			name = Debug;
		};
		B6BFED881D07A9C200900E5E /* Release */ = {
			isa = XCBuildConfiguration;
			buildSettings = {
				INFOPLIST_FILE = TumblrUITests/Info.plist;
				LD_RUNPATH_SEARCH_PATHS = "$(inherited) @executable_path/Frameworks @loader_path/Frameworks";
				PRODUCT_BUNDLE_IDENTIFIER = com.example.TumblrUITests;
				PRODUCT_NAME = "$(TARGET_NAME)";
				TEST_TARGET_NAME = Tumblr;
			};
			name = Release;
		};
/* End XCBuildConfiguration section */

/* Begin XCConfigurationList section */
		B6BFED531D07A9C200900E5E /* Build configuration list for PBXProject "Tumblr" */ = {
			isa = XCConfigurationList;
			buildConfigurations = (
				B6BFED7E1D07A9C200900E5E /* Debug */,
				B6BFED7F1D07A9C200900E5E /* Release */,
			);
			defaultConfigurationIsVisible = 0;
			defaultConfigurationName = Release;
		};
		B6BFED801D07A9C200900E5E /* Build configuration list for PBXNativeTarget "Tumblr" */ = {
			isa = XCConfigurationList;
			buildConfigurations = (
				B6BFED811D07A9C200900E5E /* Debug */,
				B6BFED821D07A9C200900E5E /* Release */,
			);
			defaultConfigurationIsVisible = 0;
			defaultConfigurationName = Release;
		};
		B6BFED831D07A9C200900E5E /* Build configuration list for PBXNativeTarget "TumblrTests" */ = {
			isa = XCConfigurationList;
			buildConfigurations = (
				B6BFED841D07A9C200900E5E /* Debug */,
				B6BFED851D07A9C200900E5E /* Release */,
			);
			defaultConfigurationIsVisible = 0;
			defaultConfigurationName = Release;
		};
		B6BFED861D07A9C200900E5E /* Build configuration list for PBXNativeTarget "TumblrUITests" */ = {
			isa = XCConfigurationList;
			buildConfigurations = (
				B6BFED871D07A9C200900E5E /* Debug */,
				B6BFED881D07A9C200900E5E /* Release */,
			);
			defaultConfigurationIsVisible = 0;
			defaultConfigurationName = Release;
		};
/* End XCConfigurationList section */
	};
	rootObject = B6BFED501D07A9C200900E5E /* Project object */;
}
